// !$*UTF8*$!
{
	archiveVersion = 1;
	classes = {
	};
	objectVersion = 51;
	objects = {

/* Begin PBXBuildFile section */
		2A25CB8B2447458D0068E249 /* DailyMealCountViewController.swift in Sources */ = {isa = PBXBuildFile; fileRef = 2A25CB8A2447458D0068E249 /* DailyMealCountViewController.swift */; };
		2A26BEEA244A1DBE002D42C5 /* MembersCell.swift in Sources */ = {isa = PBXBuildFile; fileRef = 2A26BEE9244A1DBE002D42C5 /* MembersCell.swift */; };
		2A2D67912453434700F10C9B /* ActivityIndicator.swift in Sources */ = {isa = PBXBuildFile; fileRef = 2A2D67902453434700F10C9B /* ActivityIndicator.swift */; };
		2A401EB42450AF06003F8544 /* BazarScheduleDbModel.swift in Sources */ = {isa = PBXBuildFile; fileRef = 2A401EB32450AF06003F8544 /* BazarScheduleDbModel.swift */; };
		2A401EB62450B2E8003F8544 /* Schedule.swift in Sources */ = {isa = PBXBuildFile; fileRef = 2A401EB52450B2E8003F8544 /* Schedule.swift */; };
		2A401EB92450B615003F8544 /* ScheduleCell.swift in Sources */ = {isa = PBXBuildFile; fileRef = 2A401EB82450B615003F8544 /* ScheduleCell.swift */; };
		2A401EBD2450C617003F8544 /* BazarCostCell.swift in Sources */ = {isa = PBXBuildFile; fileRef = 2A401EBC2450C617003F8544 /* BazarCostCell.swift */; };
		2A401EC02450CF8C003F8544 /* BazarCostModel.swift in Sources */ = {isa = PBXBuildFile; fileRef = 2A401EBF2450CF8C003F8544 /* BazarCostModel.swift */; };
		2A401EC22450D10E003F8544 /* Cost.swift in Sources */ = {isa = PBXBuildFile; fileRef = 2A401EC12450D10E003F8544 /* Cost.swift */; };
		2A401EC62450D498003F8544 /* DetailCostViewController.swift in Sources */ = {isa = PBXBuildFile; fileRef = 2A401EC52450D498003F8544 /* DetailCostViewController.swift */; };
		2A547811244F4A8D00A85FCE /* DailyMealDbHelper.swift in Sources */ = {isa = PBXBuildFile; fileRef = 2A547810244F4A8D00A85FCE /* DailyMealDbHelper.swift */; };
		2A547813244F764E00A85FCE /* Meal.swift in Sources */ = {isa = PBXBuildFile; fileRef = 2A547812244F764E00A85FCE /* Meal.swift */; };
		2A54A50D2448C4670044AD9A /* MemberDbHelper.swift in Sources */ = {isa = PBXBuildFile; fileRef = 2A54A50C2448C4670044AD9A /* MemberDbHelper.swift */; };
		2A54A50F2448C4DB0044AD9A /* Member.swift in Sources */ = {isa = PBXBuildFile; fileRef = 2A54A50E2448C4DB0044AD9A /* Member.swift */; };
		2A6798F12444771000700604 /* ContainerViewController.swift in Sources */ = {isa = PBXBuildFile; fileRef = 2A6798F02444771000700604 /* ContainerViewController.swift */; };
		2A6798F32444774000700604 /* MenuViewController.swift in Sources */ = {isa = PBXBuildFile; fileRef = 2A6798F22444774000700604 /* MenuViewController.swift */; };
		2A6798F52444816D00700604 /* ToggleProtocal.swift in Sources */ = {isa = PBXBuildFile; fileRef = 2A6798F42444816D00700604 /* ToggleProtocal.swift */; };
		2A6798F72444897800700604 /* MenuOptionCell.swift in Sources */ = {isa = PBXBuildFile; fileRef = 2A6798F62444897800700604 /* MenuOptionCell.swift */; };
		2A6798F924448D1800700604 /* MenuOption.swift in Sources */ = {isa = PBXBuildFile; fileRef = 2A6798F824448D1800700604 /* MenuOption.swift */; };
		2A7061CC2445B81400C55D5A /* MembersViewController.swift in Sources */ = {isa = PBXBuildFile; fileRef = 2A7061CB2445B81400C55D5A /* MembersViewController.swift */; };
		2A7061CE2445B82D00C55D5A /* AddMembersViewController.swift in Sources */ = {isa = PBXBuildFile; fileRef = 2A7061CD2445B82D00C55D5A /* AddMembersViewController.swift */; };
		2A7061D02445B8BB00C55D5A /* MemberDetailTableViewController.swift in Sources */ = {isa = PBXBuildFile; fileRef = 2A7061CF2445B8BB00C55D5A /* MemberDetailTableViewController.swift */; };
		2A7061D3244626D600C55D5A /* BazarScheduleViewController.swift in Sources */ = {isa = PBXBuildFile; fileRef = 2A7061D2244626D600C55D5A /* BazarScheduleViewController.swift */; };
		2A7061D5244626EC00C55D5A /* AddBazarScheduleViewController.swift in Sources */ = {isa = PBXBuildFile; fileRef = 2A7061D4244626EC00C55D5A /* AddBazarScheduleViewController.swift */; };
		2A7061D824464F6F00C55D5A /* BazarCostViewController.swift in Sources */ = {isa = PBXBuildFile; fileRef = 2A7061D724464F6F00C55D5A /* BazarCostViewController.swift */; };
		2A7061DA24464F8000C55D5A /* AddBazarCostViewController.swift in Sources */ = {isa = PBXBuildFile; fileRef = 2A7061D924464F8000C55D5A /* AddBazarCostViewController.swift */; };
		2A7BAED32456EBEC00A7CE05 /* CalculationViewController.swift in Sources */ = {isa = PBXBuildFile; fileRef = 2A7BAED22456EBEC00A7CE05 /* CalculationViewController.swift */; };
		2A7BAED52456EC0B00A7CE05 /* DetailCalulationViewController.swift in Sources */ = {isa = PBXBuildFile; fileRef = 2A7BAED42456EC0B00A7CE05 /* DetailCalulationViewController.swift */; };
		2A7BAED8245710C000A7CE05 /* CalculationCell.swift in Sources */ = {isa = PBXBuildFile; fileRef = 2A7BAED7245710C000A7CE05 /* CalculationCell.swift */; };
		2AAC2A832443A55900FD9AEB /* HomeViewController.swift in Sources */ = {isa = PBXBuildFile; fileRef = 2AAC2A822443A55900FD9AEB /* HomeViewController.swift */; };
		2AB1E8AF243F121A00A07BBA /* AppDelegate.swift in Sources */ = {isa = PBXBuildFile; fileRef = 2AB1E8AE243F121A00A07BBA /* AppDelegate.swift */; };
		2AB1E8B1243F121A00A07BBA /* SceneDelegate.swift in Sources */ = {isa = PBXBuildFile; fileRef = 2AB1E8B0243F121A00A07BBA /* SceneDelegate.swift */; };
		2AB1E8B6243F121A00A07BBA /* Main.storyboard in Resources */ = {isa = PBXBuildFile; fileRef = 2AB1E8B4243F121A00A07BBA /* Main.storyboard */; };
		2AB1E8B8243F122200A07BBA /* Assets.xcassets in Resources */ = {isa = PBXBuildFile; fileRef = 2AB1E8B7243F122200A07BBA /* Assets.xcassets */; };
		2AB1E8BB243F122200A07BBA /* LaunchScreen.storyboard in Resources */ = {isa = PBXBuildFile; fileRef = 2AB1E8B9243F122200A07BBA /* LaunchScreen.storyboard */; };
		2AB1E8C6243F122200A07BBA /* Meal_AdministrationTests.swift in Sources */ = {isa = PBXBuildFile; fileRef = 2AB1E8C5243F122200A07BBA /* Meal_AdministrationTests.swift */; };
		2AB1E8D1243F122200A07BBA /* Meal_AdministrationUITests.swift in Sources */ = {isa = PBXBuildFile; fileRef = 2AB1E8D0243F122200A07BBA /* Meal_AdministrationUITests.swift */; };
		2AB1E8E1243F131200A07BBA /* LoginViewController.swift in Sources */ = {isa = PBXBuildFile; fileRef = 2AB1E8E0243F131200A07BBA /* LoginViewController.swift */; };
		2AB1E8E3243F141F00A07BBA /* GoogleService-Info.plist in Resources */ = {isa = PBXBuildFile; fileRef = 2AB1E8E2243F141F00A07BBA /* GoogleService-Info.plist */; };
		2AB1E8E5243F444700A07BBA /* FirstViewController.swift in Sources */ = {isa = PBXBuildFile; fileRef = 2AB1E8E4243F444700A07BBA /* FirstViewController.swift */; };
		2AB1E8E7243F542500A07BBA /* Utilities.swift in Sources */ = {isa = PBXBuildFile; fileRef = 2AB1E8E6243F542500A07BBA /* Utilities.swift */; };
		2AB1E8E9243F70F500A07BBA /* RegistrationViewController.swift in Sources */ = {isa = PBXBuildFile; fileRef = 2AB1E8E8243F70F400A07BBA /* RegistrationViewController.swift */; };
		2AC52EC9244E3968004F923C /* DailyMealCell.swift in Sources */ = {isa = PBXBuildFile; fileRef = 2AC52EC8244E3968004F923C /* DailyMealCell.swift */; };
		2AC911AF244F8FBD00477DAA /* DetailDailyMealCountViewController.swift in Sources */ = {isa = PBXBuildFile; fileRef = 2AC911AE244F8FBD00477DAA /* DetailDailyMealCountViewController.swift */; };
		56447B2D891C215BC0A58192 /* Pods_Meal_Administration.framework in Frameworks */ = {isa = PBXBuildFile; fileRef = 015F61D66493F85CB0133D08 /* Pods_Meal_Administration.framework */; };
		C84087D26422DF39FE743072 /* Pods_Meal_Administration_Meal_AdministrationUITests.framework in Frameworks */ = {isa = PBXBuildFile; fileRef = 4DF9C732D41237D8098F637D /* Pods_Meal_Administration_Meal_AdministrationUITests.framework */; };
		DBF754E8FBDC05553FC5EEC4 /* Pods_Meal_AdministrationTests.framework in Frameworks */ = {isa = PBXBuildFile; fileRef = 65D2F5B9B7B45413AF7DF058 /* Pods_Meal_AdministrationTests.framework */; };
/* End PBXBuildFile section */

/* Begin PBXContainerItemProxy section */
		2AB1E8C2243F122200A07BBA /* PBXContainerItemProxy */ = {
			isa = PBXContainerItemProxy;
			containerPortal = 2AB1E8A3243F121A00A07BBA /* Project object */;
			proxyType = 1;
			remoteGlobalIDString = 2AB1E8AA243F121A00A07BBA;
			remoteInfo = "Meal Administration";
		};
		2AB1E8CD243F122200A07BBA /* PBXContainerItemProxy */ = {
			isa = PBXContainerItemProxy;
			containerPortal = 2AB1E8A3243F121A00A07BBA /* Project object */;
			proxyType = 1;
			remoteGlobalIDString = 2AB1E8AA243F121A00A07BBA;
			remoteInfo = "Meal Administration";
		};
/* End PBXContainerItemProxy section */

/* Begin PBXFileReference section */
		015F61D66493F85CB0133D08 /* Pods_Meal_Administration.framework */ = {isa = PBXFileReference; explicitFileType = wrapper.framework; includeInIndex = 0; path = Pods_Meal_Administration.framework; sourceTree = BUILT_PRODUCTS_DIR; };
		0E2FF7A8532E30758EBE3B93 /* Pods-Meal Administration.debug.xcconfig */ = {isa = PBXFileReference; includeInIndex = 1; lastKnownFileType = text.xcconfig; name = "Pods-Meal Administration.debug.xcconfig"; path = "Target Support Files/Pods-Meal Administration/Pods-Meal Administration.debug.xcconfig"; sourceTree = "<group>"; };
		12B252E0001BF3D19408A3B8 /* Pods-Meal Administration.release.xcconfig */ = {isa = PBXFileReference; includeInIndex = 1; lastKnownFileType = text.xcconfig; name = "Pods-Meal Administration.release.xcconfig"; path = "Target Support Files/Pods-Meal Administration/Pods-Meal Administration.release.xcconfig"; sourceTree = "<group>"; };
		1E856466503410B78CBCDB66 /* Pods-Meal Administration-Meal AdministrationUITests.release.xcconfig */ = {isa = PBXFileReference; includeInIndex = 1; lastKnownFileType = text.xcconfig; name = "Pods-Meal Administration-Meal AdministrationUITests.release.xcconfig"; path = "Target Support Files/Pods-Meal Administration-Meal AdministrationUITests/Pods-Meal Administration-Meal AdministrationUITests.release.xcconfig"; sourceTree = "<group>"; };
		2A25CB8A2447458D0068E249 /* DailyMealCountViewController.swift */ = {isa = PBXFileReference; lastKnownFileType = sourcecode.swift; path = DailyMealCountViewController.swift; sourceTree = "<group>"; };
		2A25CB8E244754710068E249 /* Meal AdministrationDebug.entitlements */ = {isa = PBXFileReference; lastKnownFileType = text.plist.entitlements; path = "Meal AdministrationDebug.entitlements"; sourceTree = "<group>"; };
		2A26BEE9244A1DBE002D42C5 /* MembersCell.swift */ = {isa = PBXFileReference; lastKnownFileType = sourcecode.swift; path = MembersCell.swift; sourceTree = "<group>"; };
		2A2D67902453434700F10C9B /* ActivityIndicator.swift */ = {isa = PBXFileReference; lastKnownFileType = sourcecode.swift; path = ActivityIndicator.swift; sourceTree = "<group>"; };
		2A401EB32450AF06003F8544 /* BazarScheduleDbModel.swift */ = {isa = PBXFileReference; lastKnownFileType = sourcecode.swift; path = BazarScheduleDbModel.swift; sourceTree = "<group>"; };
		2A401EB52450B2E8003F8544 /* Schedule.swift */ = {isa = PBXFileReference; lastKnownFileType = sourcecode.swift; path = Schedule.swift; sourceTree = "<group>"; };
		2A401EB82450B615003F8544 /* ScheduleCell.swift */ = {isa = PBXFileReference; lastKnownFileType = sourcecode.swift; path = ScheduleCell.swift; sourceTree = "<group>"; };
		2A401EBC2450C617003F8544 /* BazarCostCell.swift */ = {isa = PBXFileReference; lastKnownFileType = sourcecode.swift; path = BazarCostCell.swift; sourceTree = "<group>"; };
		2A401EBF2450CF8C003F8544 /* BazarCostModel.swift */ = {isa = PBXFileReference; lastKnownFileType = sourcecode.swift; path = BazarCostModel.swift; sourceTree = "<group>"; };
		2A401EC12450D10E003F8544 /* Cost.swift */ = {isa = PBXFileReference; lastKnownFileType = sourcecode.swift; path = Cost.swift; sourceTree = "<group>"; };
		2A401EC52450D498003F8544 /* DetailCostViewController.swift */ = {isa = PBXFileReference; lastKnownFileType = sourcecode.swift; path = DetailCostViewController.swift; sourceTree = "<group>"; };
		2A547810244F4A8D00A85FCE /* DailyMealDbHelper.swift */ = {isa = PBXFileReference; lastKnownFileType = sourcecode.swift; path = DailyMealDbHelper.swift; sourceTree = "<group>"; };
		2A547812244F764E00A85FCE /* Meal.swift */ = {isa = PBXFileReference; lastKnownFileType = sourcecode.swift; path = Meal.swift; sourceTree = "<group>"; };
		2A54781C244F860B00A85FCE /* DetailDailyMealCountViewController.swift */ = {isa = PBXFileReference; fileEncoding = 4; lastKnownFileType = sourcecode.swift; path = DetailDailyMealCountViewController.swift; sourceTree = "<group>"; };
		2A54A50C2448C4670044AD9A /* MemberDbHelper.swift */ = {isa = PBXFileReference; lastKnownFileType = sourcecode.swift; path = MemberDbHelper.swift; sourceTree = "<group>"; };
		2A54A50E2448C4DB0044AD9A /* Member.swift */ = {isa = PBXFileReference; lastKnownFileType = sourcecode.swift; path = Member.swift; sourceTree = "<group>"; };
		2A6798F02444771000700604 /* ContainerViewController.swift */ = {isa = PBXFileReference; lastKnownFileType = sourcecode.swift; path = ContainerViewController.swift; sourceTree = "<group>"; };
		2A6798F22444774000700604 /* MenuViewController.swift */ = {isa = PBXFileReference; lastKnownFileType = sourcecode.swift; path = MenuViewController.swift; sourceTree = "<group>"; };
		2A6798F42444816D00700604 /* ToggleProtocal.swift */ = {isa = PBXFileReference; lastKnownFileType = sourcecode.swift; path = ToggleProtocal.swift; sourceTree = "<group>"; };
		2A6798F62444897800700604 /* MenuOptionCell.swift */ = {isa = PBXFileReference; lastKnownFileType = sourcecode.swift; path = MenuOptionCell.swift; sourceTree = "<group>"; };
		2A6798F824448D1800700604 /* MenuOption.swift */ = {isa = PBXFileReference; lastKnownFileType = sourcecode.swift; path = MenuOption.swift; sourceTree = "<group>"; };
		2A7061CB2445B81400C55D5A /* MembersViewController.swift */ = {isa = PBXFileReference; lastKnownFileType = sourcecode.swift; path = MembersViewController.swift; sourceTree = "<group>"; };
		2A7061CD2445B82D00C55D5A /* AddMembersViewController.swift */ = {isa = PBXFileReference; lastKnownFileType = sourcecode.swift; path = AddMembersViewController.swift; sourceTree = "<group>"; };
		2A7061CF2445B8BB00C55D5A /* MemberDetailTableViewController.swift */ = {isa = PBXFileReference; lastKnownFileType = sourcecode.swift; path = MemberDetailTableViewController.swift; sourceTree = "<group>"; };
		2A7061D2244626D600C55D5A /* BazarScheduleViewController.swift */ = {isa = PBXFileReference; lastKnownFileType = sourcecode.swift; path = BazarScheduleViewController.swift; sourceTree = "<group>"; };
		2A7061D4244626EC00C55D5A /* AddBazarScheduleViewController.swift */ = {isa = PBXFileReference; lastKnownFileType = sourcecode.swift; path = AddBazarScheduleViewController.swift; sourceTree = "<group>"; };
		2A7061D724464F6F00C55D5A /* BazarCostViewController.swift */ = {isa = PBXFileReference; lastKnownFileType = sourcecode.swift; path = BazarCostViewController.swift; sourceTree = "<group>"; };
		2A7061D924464F8000C55D5A /* AddBazarCostViewController.swift */ = {isa = PBXFileReference; lastKnownFileType = sourcecode.swift; path = AddBazarCostViewController.swift; sourceTree = "<group>"; };
		2A7BAED22456EBEC00A7CE05 /* CalculationViewController.swift */ = {isa = PBXFileReference; lastKnownFileType = sourcecode.swift; path = CalculationViewController.swift; sourceTree = "<group>"; };
		2A7BAED42456EC0B00A7CE05 /* DetailCalulationViewController.swift */ = {isa = PBXFileReference; lastKnownFileType = sourcecode.swift; path = DetailCalulationViewController.swift; sourceTree = "<group>"; };
		2A7BAED7245710C000A7CE05 /* CalculationCell.swift */ = {isa = PBXFileReference; lastKnownFileType = sourcecode.swift; path = CalculationCell.swift; sourceTree = "<group>"; };
		2AAC2A822443A55900FD9AEB /* HomeViewController.swift */ = {isa = PBXFileReference; lastKnownFileType = sourcecode.swift; path = HomeViewController.swift; sourceTree = "<group>"; };
		2AB1E8AB243F121A00A07BBA /* Meal Administration.app */ = {isa = PBXFileReference; explicitFileType = wrapper.application; includeInIndex = 0; path = "Meal Administration.app"; sourceTree = BUILT_PRODUCTS_DIR; };
		2AB1E8AE243F121A00A07BBA /* AppDelegate.swift */ = {isa = PBXFileReference; lastKnownFileType = sourcecode.swift; path = AppDelegate.swift; sourceTree = "<group>"; };
		2AB1E8B0243F121A00A07BBA /* SceneDelegate.swift */ = {isa = PBXFileReference; lastKnownFileType = sourcecode.swift; path = SceneDelegate.swift; sourceTree = "<group>"; };
		2AB1E8B5243F121A00A07BBA /* Base */ = {isa = PBXFileReference; lastKnownFileType = file.storyboard; name = Base; path = Base.lproj/Main.storyboard; sourceTree = "<group>"; };
		2AB1E8B7243F122200A07BBA /* Assets.xcassets */ = {isa = PBXFileReference; lastKnownFileType = folder.assetcatalog; path = Assets.xcassets; sourceTree = "<group>"; };
		2AB1E8BA243F122200A07BBA /* Base */ = {isa = PBXFileReference; lastKnownFileType = file.storyboard; name = Base; path = Base.lproj/LaunchScreen.storyboard; sourceTree = "<group>"; };
		2AB1E8BC243F122200A07BBA /* Info.plist */ = {isa = PBXFileReference; lastKnownFileType = text.plist.xml; path = Info.plist; sourceTree = "<group>"; };
		2AB1E8C1243F122200A07BBA /* Meal AdministrationTests.xctest */ = {isa = PBXFileReference; explicitFileType = wrapper.cfbundle; includeInIndex = 0; path = "Meal AdministrationTests.xctest"; sourceTree = BUILT_PRODUCTS_DIR; };
		2AB1E8C5243F122200A07BBA /* Meal_AdministrationTests.swift */ = {isa = PBXFileReference; lastKnownFileType = sourcecode.swift; path = Meal_AdministrationTests.swift; sourceTree = "<group>"; };
		2AB1E8C7243F122200A07BBA /* Info.plist */ = {isa = PBXFileReference; lastKnownFileType = text.plist.xml; path = Info.plist; sourceTree = "<group>"; };
		2AB1E8CC243F122200A07BBA /* Meal AdministrationUITests.xctest */ = {isa = PBXFileReference; explicitFileType = wrapper.cfbundle; includeInIndex = 0; path = "Meal AdministrationUITests.xctest"; sourceTree = BUILT_PRODUCTS_DIR; };
		2AB1E8D0243F122200A07BBA /* Meal_AdministrationUITests.swift */ = {isa = PBXFileReference; lastKnownFileType = sourcecode.swift; path = Meal_AdministrationUITests.swift; sourceTree = "<group>"; };
		2AB1E8D2243F122200A07BBA /* Info.plist */ = {isa = PBXFileReference; lastKnownFileType = text.plist.xml; path = Info.plist; sourceTree = "<group>"; };
		2AB1E8E0243F131200A07BBA /* LoginViewController.swift */ = {isa = PBXFileReference; lastKnownFileType = sourcecode.swift; path = LoginViewController.swift; sourceTree = "<group>"; };
		2AB1E8E2243F141F00A07BBA /* GoogleService-Info.plist */ = {isa = PBXFileReference; fileEncoding = 4; lastKnownFileType = text.plist.xml; path = "GoogleService-Info.plist"; sourceTree = "<group>"; };
		2AB1E8E4243F444700A07BBA /* FirstViewController.swift */ = {isa = PBXFileReference; lastKnownFileType = sourcecode.swift; path = FirstViewController.swift; sourceTree = "<group>"; };
		2AB1E8E6243F542500A07BBA /* Utilities.swift */ = {isa = PBXFileReference; lastKnownFileType = sourcecode.swift; path = Utilities.swift; sourceTree = "<group>"; };
		2AB1E8E8243F70F400A07BBA /* RegistrationViewController.swift */ = {isa = PBXFileReference; lastKnownFileType = sourcecode.swift; path = RegistrationViewController.swift; sourceTree = "<group>"; };
		2AC52EC8244E3968004F923C /* DailyMealCell.swift */ = {isa = PBXFileReference; lastKnownFileType = sourcecode.swift; path = DailyMealCell.swift; sourceTree = "<group>"; };
		2AC911AE244F8FBD00477DAA /* DetailDailyMealCountViewController.swift */ = {isa = PBXFileReference; fileEncoding = 4; lastKnownFileType = sourcecode.swift; path = DetailDailyMealCountViewController.swift; sourceTree = "<group>"; };
		4DF9C732D41237D8098F637D /* Pods_Meal_Administration_Meal_AdministrationUITests.framework */ = {isa = PBXFileReference; explicitFileType = wrapper.framework; includeInIndex = 0; path = Pods_Meal_Administration_Meal_AdministrationUITests.framework; sourceTree = BUILT_PRODUCTS_DIR; };
		59C239392DEABC138C702A1C /* Pods-Meal AdministrationTests.debug.xcconfig */ = {isa = PBXFileReference; includeInIndex = 1; lastKnownFileType = text.xcconfig; name = "Pods-Meal AdministrationTests.debug.xcconfig"; path = "Target Support Files/Pods-Meal AdministrationTests/Pods-Meal AdministrationTests.debug.xcconfig"; sourceTree = "<group>"; };
		65D2F5B9B7B45413AF7DF058 /* Pods_Meal_AdministrationTests.framework */ = {isa = PBXFileReference; explicitFileType = wrapper.framework; includeInIndex = 0; path = Pods_Meal_AdministrationTests.framework; sourceTree = BUILT_PRODUCTS_DIR; };
		91A5F3F3B0B8E9924A1816CD /* Pods-Meal Administration-Meal AdministrationUITests.debug.xcconfig */ = {isa = PBXFileReference; includeInIndex = 1; lastKnownFileType = text.xcconfig; name = "Pods-Meal Administration-Meal AdministrationUITests.debug.xcconfig"; path = "Target Support Files/Pods-Meal Administration-Meal AdministrationUITests/Pods-Meal Administration-Meal AdministrationUITests.debug.xcconfig"; sourceTree = "<group>"; };
		A7175EE0E1831682F6594E80 /* Pods-Meal AdministrationTests.release.xcconfig */ = {isa = PBXFileReference; includeInIndex = 1; lastKnownFileType = text.xcconfig; name = "Pods-Meal AdministrationTests.release.xcconfig"; path = "Target Support Files/Pods-Meal AdministrationTests/Pods-Meal AdministrationTests.release.xcconfig"; sourceTree = "<group>"; };
/* End PBXFileReference section */

/* Begin PBXFrameworksBuildPhase section */
		2AB1E8A8243F121A00A07BBA /* Frameworks */ = {
			isa = PBXFrameworksBuildPhase;
			buildActionMask = 2147483647;
			files = (
				56447B2D891C215BC0A58192 /* Pods_Meal_Administration.framework in Frameworks */,
			);
			runOnlyForDeploymentPostprocessing = 0;
		};
		2AB1E8BE243F122200A07BBA /* Frameworks */ = {
			isa = PBXFrameworksBuildPhase;
			buildActionMask = 2147483647;
			files = (
				DBF754E8FBDC05553FC5EEC4 /* Pods_Meal_AdministrationTests.framework in Frameworks */,
			);
			runOnlyForDeploymentPostprocessing = 0;
		};
		2AB1E8C9243F122200A07BBA /* Frameworks */ = {
			isa = PBXFrameworksBuildPhase;
			buildActionMask = 2147483647;
			files = (
				C84087D26422DF39FE743072 /* Pods_Meal_Administration_Meal_AdministrationUITests.framework in Frameworks */,
			);
			runOnlyForDeploymentPostprocessing = 0;
		};
/* End PBXFrameworksBuildPhase section */

/* Begin PBXGroup section */
		2A25CB89244745320068E249 /* DailyMealCount */ = {
			isa = PBXGroup;
			children = (
				2A25CB8A2447458D0068E249 /* DailyMealCountViewController.swift */,
			);
			path = DailyMealCount;
			sourceTree = "<group>";
		};
		2A26BEE8244A1933002D42C5 /* MembersView */ = {
			isa = PBXGroup;
			children = (
				2A26BEE9244A1DBE002D42C5 /* MembersCell.swift */,
			);
			path = MembersView;
			sourceTree = "<group>";
		};
		2A2D678F2453390D00F10C9B /* UtilitiesModel */ = {
			isa = PBXGroup;
			children = (
				2AB1E8E6243F542500A07BBA /* Utilities.swift */,
				2A2D67902453434700F10C9B /* ActivityIndicator.swift */,
			);
			path = UtilitiesModel;
			sourceTree = "<group>";
		};
		2A401EB22450AEDA003F8544 /* BazarScheduleModel */ = {
			isa = PBXGroup;
			children = (
				2A401EB32450AF06003F8544 /* BazarScheduleDbModel.swift */,
				2A401EB52450B2E8003F8544 /* Schedule.swift */,
			);
			path = BazarScheduleModel;
			sourceTree = "<group>";
		};
		2A401EB72450B5F3003F8544 /* ScheduleView */ = {
			isa = PBXGroup;
			children = (
				2A401EB82450B615003F8544 /* ScheduleCell.swift */,
			);
			path = ScheduleView;
			sourceTree = "<group>";
		};
		2A401EBA2450C5E1003F8544 /* BazarCostModel */ = {
			isa = PBXGroup;
			children = (
				2A401EBF2450CF8C003F8544 /* BazarCostModel.swift */,
				2A401EC12450D10E003F8544 /* Cost.swift */,
			);
			path = BazarCostModel;
			sourceTree = "<group>";
		};
		2A401EBB2450C601003F8544 /* BazarCostView */ = {
			isa = PBXGroup;
			children = (
				2A401EBC2450C617003F8544 /* BazarCostCell.swift */,
			);
			path = BazarCostView;
			sourceTree = "<group>";
		};
		2A54780F244F4A5400A85FCE /* DailyMealModel */ = {
			isa = PBXGroup;
			children = (
				2A547810244F4A8D00A85FCE /* DailyMealDbHelper.swift */,
				2A547812244F764E00A85FCE /* Meal.swift */,
			);
			path = DailyMealModel;
			sourceTree = "<group>";
		};
		2A54A50B2448C4380044AD9A /* MembersModel */ = {
			isa = PBXGroup;
			children = (
				2A54A50C2448C4670044AD9A /* MemberDbHelper.swift */,
				2A54A50E2448C4DB0044AD9A /* Member.swift */,
			);
			path = MembersModel;
			sourceTree = "<group>";
		};
		2A6798E4244469CE00700604 /* View */ = {
			isa = PBXGroup;
			children = (
				2A7BAED62457109C00A7CE05 /* Calculation */,
				2A401EBB2450C601003F8544 /* BazarCostView */,
				2A401EB72450B5F3003F8544 /* ScheduleView */,
				2AC52EC7244E38CB004F923C /* DailyMealCountView */,
				2A26BEE8244A1933002D42C5 /* MembersView */,
				2A6798FB2445059E00700604 /* SlideMenuView */,
			);
			path = View;
			sourceTree = "<group>";
		};
		2A6798EF244476C800700604 /* SlideMenuController */ = {
			isa = PBXGroup;
			children = (
				2A6798F02444771000700604 /* ContainerViewController.swift */,
				2AAC2A822443A55900FD9AEB /* HomeViewController.swift */,
				2A6798F22444774000700604 /* MenuViewController.swift */,
			);
			path = SlideMenuController;
			sourceTree = "<group>";
		};
		2A6798FA2445056F00700604 /* SlideMenuModel */ = {
			isa = PBXGroup;
			children = (
				2A6798F42444816D00700604 /* ToggleProtocal.swift */,
				2A6798F824448D1800700604 /* MenuOption.swift */,
			);
			path = SlideMenuModel;
			sourceTree = "<group>";
		};
		2A6798FB2445059E00700604 /* SlideMenuView */ = {
			isa = PBXGroup;
			children = (
				2A6798F62444897800700604 /* MenuOptionCell.swift */,
			);
			path = SlideMenuView;
			sourceTree = "<group>";
		};
		2A7061CA2445B7A200C55D5A /* Members */ = {
			isa = PBXGroup;
			children = (
				2A7061CB2445B81400C55D5A /* MembersViewController.swift */,
				2A7061CD2445B82D00C55D5A /* AddMembersViewController.swift */,
				2A7061CF2445B8BB00C55D5A /* MemberDetailTableViewController.swift */,
			);
			path = Members;
			sourceTree = "<group>";
		};
		2A7061D12446268900C55D5A /* BazarSchedule */ = {
			isa = PBXGroup;
			children = (
				2A7061D2244626D600C55D5A /* BazarScheduleViewController.swift */,
				2A7061D4244626EC00C55D5A /* AddBazarScheduleViewController.swift */,
			);
			path = BazarSchedule;
			sourceTree = "<group>";
		};
		2A7061D624464F4D00C55D5A /* BazarCost */ = {
			isa = PBXGroup;
			children = (
				2A7061D724464F6F00C55D5A /* BazarCostViewController.swift */,
				2A7061D924464F8000C55D5A /* AddBazarCostViewController.swift */,
				2A401EC52450D498003F8544 /* DetailCostViewController.swift */,
			);
			path = BazarCost;
			sourceTree = "<group>";
		};
		2A7061DB24464F8E00C55D5A /* General */ = {
			isa = PBXGroup;
			children = (
				2AB1E8E4243F444700A07BBA /* FirstViewController.swift */,
				2AB1E8E0243F131200A07BBA /* LoginViewController.swift */,
				2AB1E8E8243F70F400A07BBA /* RegistrationViewController.swift */,
			);
			path = General;
			sourceTree = "<group>";
		};
		2A7061DC24464FFD00C55D5A /* Storyboard */ = {
			isa = PBXGroup;
			children = (
				2AB1E8B4243F121A00A07BBA /* Main.storyboard */,
			);
			path = Storyboard;
			sourceTree = "<group>";
		};
		2A7BAED12456EBA800A7CE05 /* Calculation */ = {
			isa = PBXGroup;
			children = (
				2A7BAED22456EBEC00A7CE05 /* CalculationViewController.swift */,
				2A7BAED42456EC0B00A7CE05 /* DetailCalulationViewController.swift */,
			);
			path = Calculation;
			sourceTree = "<group>";
		};
		2A7BAED62457109C00A7CE05 /* Calculation */ = {
			isa = PBXGroup;
			children = (
				2A7BAED7245710C000A7CE05 /* CalculationCell.swift */,
			);
			path = Calculation;
			sourceTree = "<group>";
		};
		2AB1E8A2243F121A00A07BBA = {
			isa = PBXGroup;
			children = (
				2AB1E8AE243F121A00A07BBA /* AppDelegate.swift */,
				2AB1E8B0243F121A00A07BBA /* SceneDelegate.swift */,
				2AC911AE244F8FBD00477DAA /* DetailDailyMealCountViewController.swift */,
				2AB1E8AD243F121A00A07BBA /* Meal Administration */,
				2AB1E8C4243F122200A07BBA /* Meal AdministrationTests */,
				2AB1E8CF243F122200A07BBA /* Meal AdministrationUITests */,
				2AB1E8AC243F121A00A07BBA /* Products */,
				76F9750CDF0CA7AB1FBA3E39 /* Pods */,
				5E685E829EECFE34A2902621 /* Frameworks */,
				2AC911A9244F8AF500477DAA /* Recovered References */,
			);
			sourceTree = "<group>";
		};
		2AB1E8AC243F121A00A07BBA /* Products */ = {
			isa = PBXGroup;
			children = (
				2AB1E8AB243F121A00A07BBA /* Meal Administration.app */,
				2AB1E8C1243F122200A07BBA /* Meal AdministrationTests.xctest */,
				2AB1E8CC243F122200A07BBA /* Meal AdministrationUITests.xctest */,
			);
			name = Products;
			sourceTree = "<group>";
		};
		2AB1E8AD243F121A00A07BBA /* Meal Administration */ = {
			isa = PBXGroup;
			children = (
				2A7061DC24464FFD00C55D5A /* Storyboard */,
				2AB1E8DF243F12B200A07BBA /* Model */,
				2A6798E4244469CE00700604 /* View */,
				2AB1E8DE243F12A400A07BBA /* Controller */,
				2AB1E8B7243F122200A07BBA /* Assets.xcassets */,
				2AB1E8B9243F122200A07BBA /* LaunchScreen.storyboard */,
				2AB1E8BC243F122200A07BBA /* Info.plist */,
				2AB1E8E2243F141F00A07BBA /* GoogleService-Info.plist */,
				2A25CB8E244754710068E249 /* Meal AdministrationDebug.entitlements */,
			);
			path = "Meal Administration";
			sourceTree = "<group>";
		};
		2AB1E8C4243F122200A07BBA /* Meal AdministrationTests */ = {
			isa = PBXGroup;
			children = (
				2AB1E8C5243F122200A07BBA /* Meal_AdministrationTests.swift */,
				2AB1E8C7243F122200A07BBA /* Info.plist */,
			);
			path = "Meal AdministrationTests";
			sourceTree = "<group>";
		};
		2AB1E8CF243F122200A07BBA /* Meal AdministrationUITests */ = {
			isa = PBXGroup;
			children = (
				2AB1E8D0243F122200A07BBA /* Meal_AdministrationUITests.swift */,
				2AB1E8D2243F122200A07BBA /* Info.plist */,
			);
			path = "Meal AdministrationUITests";
			sourceTree = "<group>";
		};
		2AB1E8DE243F12A400A07BBA /* Controller */ = {
			isa = PBXGroup;
			children = (
				2A7BAED12456EBA800A7CE05 /* Calculation */,
				2A6798EF244476C800700604 /* SlideMenuController */,
				2A7061DB24464F8E00C55D5A /* General */,
				2A25CB89244745320068E249 /* DailyMealCount */,
				2A7061CA2445B7A200C55D5A /* Members */,
				2A7061D12446268900C55D5A /* BazarSchedule */,
				2A7061D624464F4D00C55D5A /* BazarCost */,
			);
			path = Controller;
			sourceTree = "<group>";
		};
		2AB1E8DF243F12B200A07BBA /* Model */ = {
			isa = PBXGroup;
			children = (
				2A2D678F2453390D00F10C9B /* UtilitiesModel */,
				2A401EBA2450C5E1003F8544 /* BazarCostModel */,
				2A401EB22450AEDA003F8544 /* BazarScheduleModel */,
				2A54780F244F4A5400A85FCE /* DailyMealModel */,
				2A6798FA2445056F00700604 /* SlideMenuModel */,
				2A54A50B2448C4380044AD9A /* MembersModel */,
			);
			path = Model;
			sourceTree = "<group>";
		};
		2AC52EC7244E38CB004F923C /* DailyMealCountView */ = {
			isa = PBXGroup;
			children = (
				2AC52EC8244E3968004F923C /* DailyMealCell.swift */,
			);
			path = DailyMealCountView;
			sourceTree = "<group>";
		};
		2AC911A9244F8AF500477DAA /* Recovered References */ = {
			isa = PBXGroup;
			children = (
				2A54781C244F860B00A85FCE /* DetailDailyMealCountViewController.swift */,
			);
			name = "Recovered References";
			sourceTree = "<group>";
		};
		5E685E829EECFE34A2902621 /* Frameworks */ = {
			isa = PBXGroup;
			children = (
				015F61D66493F85CB0133D08 /* Pods_Meal_Administration.framework */,
				4DF9C732D41237D8098F637D /* Pods_Meal_Administration_Meal_AdministrationUITests.framework */,
				65D2F5B9B7B45413AF7DF058 /* Pods_Meal_AdministrationTests.framework */,
			);
			name = Frameworks;
			sourceTree = "<group>";
		};
		76F9750CDF0CA7AB1FBA3E39 /* Pods */ = {
			isa = PBXGroup;
			children = (
				0E2FF7A8532E30758EBE3B93 /* Pods-Meal Administration.debug.xcconfig */,
				12B252E0001BF3D19408A3B8 /* Pods-Meal Administration.release.xcconfig */,
				91A5F3F3B0B8E9924A1816CD /* Pods-Meal Administration-Meal AdministrationUITests.debug.xcconfig */,
				1E856466503410B78CBCDB66 /* Pods-Meal Administration-Meal AdministrationUITests.release.xcconfig */,
				59C239392DEABC138C702A1C /* Pods-Meal AdministrationTests.debug.xcconfig */,
				A7175EE0E1831682F6594E80 /* Pods-Meal AdministrationTests.release.xcconfig */,
			);
			path = Pods;
			sourceTree = "<group>";
		};
/* End PBXGroup section */

/* Begin PBXNativeTarget section */
		2AB1E8AA243F121A00A07BBA /* Meal Administration */ = {
			isa = PBXNativeTarget;
			buildConfigurationList = 2AB1E8D5243F122200A07BBA /* Build configuration list for PBXNativeTarget "Meal Administration" */;
			buildPhases = (
				3C21675828FB9A78594E288D /* [CP] Check Pods Manifest.lock */,
				2AB1E8A7243F121A00A07BBA /* Sources */,
				2AB1E8A8243F121A00A07BBA /* Frameworks */,
				2AB1E8A9243F121A00A07BBA /* Resources */,
				C30DCBD283098AAE179A7249 /* [CP] Embed Pods Frameworks */,
			);
			buildRules = (
			);
			dependencies = (
			);
			name = "Meal Administration";
			productName = "Meal Administration";
			productReference = 2AB1E8AB243F121A00A07BBA /* Meal Administration.app */;
			productType = "com.apple.product-type.application";
		};
		2AB1E8C0243F122200A07BBA /* Meal AdministrationTests */ = {
			isa = PBXNativeTarget;
			buildConfigurationList = 2AB1E8D8243F122200A07BBA /* Build configuration list for PBXNativeTarget "Meal AdministrationTests" */;
			buildPhases = (
				A6E31E32C34A710127AED1CC /* [CP] Check Pods Manifest.lock */,
				2AB1E8BD243F122200A07BBA /* Sources */,
				2AB1E8BE243F122200A07BBA /* Frameworks */,
				2AB1E8BF243F122200A07BBA /* Resources */,
			);
			buildRules = (
			);
			dependencies = (
				2AB1E8C3243F122200A07BBA /* PBXTargetDependency */,
			);
			name = "Meal AdministrationTests";
			productName = "Meal AdministrationTests";
			productReference = 2AB1E8C1243F122200A07BBA /* Meal AdministrationTests.xctest */;
			productType = "com.apple.product-type.bundle.unit-test";
		};
		2AB1E8CB243F122200A07BBA /* Meal AdministrationUITests */ = {
			isa = PBXNativeTarget;
			buildConfigurationList = 2AB1E8DB243F122200A07BBA /* Build configuration list for PBXNativeTarget "Meal AdministrationUITests" */;
			buildPhases = (
				BD5AC65132DC0A9ECF52959C /* [CP] Check Pods Manifest.lock */,
				2AB1E8C8243F122200A07BBA /* Sources */,
				2AB1E8C9243F122200A07BBA /* Frameworks */,
				2AB1E8CA243F122200A07BBA /* Resources */,
				39DABB2B898F692CF949F2C7 /* [CP] Embed Pods Frameworks */,
			);
			buildRules = (
			);
			dependencies = (
				2AB1E8CE243F122200A07BBA /* PBXTargetDependency */,
			);
			name = "Meal AdministrationUITests";
			productName = "Meal AdministrationUITests";
			productReference = 2AB1E8CC243F122200A07BBA /* Meal AdministrationUITests.xctest */;
			productType = "com.apple.product-type.bundle.ui-testing";
		};
/* End PBXNativeTarget section */

/* Begin PBXProject section */
		2AB1E8A3243F121A00A07BBA /* Project object */ = {
			isa = PBXProject;
			attributes = {
				LastSwiftUpdateCheck = 1110;
				LastUpgradeCheck = 1110;
				ORGANIZATIONNAME = "Md Khaled Hasan Manna";
				TargetAttributes = {
					2AB1E8AA243F121A00A07BBA = {
						CreatedOnToolsVersion = 11.1;
					};
					2AB1E8C0243F122200A07BBA = {
						CreatedOnToolsVersion = 11.1;
						TestTargetID = 2AB1E8AA243F121A00A07BBA;
					};
					2AB1E8CB243F122200A07BBA = {
						CreatedOnToolsVersion = 11.1;
						TestTargetID = 2AB1E8AA243F121A00A07BBA;
					};
				};
			};
			buildConfigurationList = 2AB1E8A6243F121A00A07BBA /* Build configuration list for PBXProject "Meal Administration" */;
			compatibilityVersion = "Xcode 9.3";
			developmentRegion = en;
			hasScannedForEncodings = 0;
			knownRegions = (
				en,
				Base,
			);
			mainGroup = 2AB1E8A2243F121A00A07BBA;
			productRefGroup = 2AB1E8AC243F121A00A07BBA /* Products */;
			projectDirPath = "";
			projectRoot = "";
			targets = (
				2AB1E8AA243F121A00A07BBA /* Meal Administration */,
				2AB1E8C0243F122200A07BBA /* Meal AdministrationTests */,
				2AB1E8CB243F122200A07BBA /* Meal AdministrationUITests */,
			);
		};
/* End PBXProject section */

/* Begin PBXResourcesBuildPhase section */
		2AB1E8A9243F121A00A07BBA /* Resources */ = {
			isa = PBXResourcesBuildPhase;
			buildActionMask = 2147483647;
			files = (
				2AB1E8BB243F122200A07BBA /* LaunchScreen.storyboard in Resources */,
				2AB1E8E3243F141F00A07BBA /* GoogleService-Info.plist in Resources */,
				2AB1E8B8243F122200A07BBA /* Assets.xcassets in Resources */,
				2AB1E8B6243F121A00A07BBA /* Main.storyboard in Resources */,
			);
			runOnlyForDeploymentPostprocessing = 0;
		};
		2AB1E8BF243F122200A07BBA /* Resources */ = {
			isa = PBXResourcesBuildPhase;
			buildActionMask = 2147483647;
			files = (
			);
			runOnlyForDeploymentPostprocessing = 0;
		};
		2AB1E8CA243F122200A07BBA /* Resources */ = {
			isa = PBXResourcesBuildPhase;
			buildActionMask = 2147483647;
			files = (
			);
			runOnlyForDeploymentPostprocessing = 0;
		};
/* End PBXResourcesBuildPhase section */

/* Begin PBXShellScriptBuildPhase section */
		39DABB2B898F692CF949F2C7 /* [CP] Embed Pods Frameworks */ = {
			isa = PBXShellScriptBuildPhase;
			buildActionMask = 2147483647;
			files = (
			);
			inputFileListPaths = (
				"${PODS_ROOT}/Target Support Files/Pods-Meal Administration-Meal AdministrationUITests/Pods-Meal Administration-Meal AdministrationUITests-frameworks-${CONFIGURATION}-input-files.xcfilelist",
			);
			name = "[CP] Embed Pods Frameworks";
			outputFileListPaths = (
				"${PODS_ROOT}/Target Support Files/Pods-Meal Administration-Meal AdministrationUITests/Pods-Meal Administration-Meal AdministrationUITests-frameworks-${CONFIGURATION}-output-files.xcfilelist",
			);
			runOnlyForDeploymentPostprocessing = 0;
			shellPath = /bin/sh;
			shellScript = "\"${PODS_ROOT}/Target Support Files/Pods-Meal Administration-Meal AdministrationUITests/Pods-Meal Administration-Meal AdministrationUITests-frameworks.sh\"\n";
			showEnvVarsInLog = 0;
		};
		3C21675828FB9A78594E288D /* [CP] Check Pods Manifest.lock */ = {
			isa = PBXShellScriptBuildPhase;
			buildActionMask = 2147483647;
			files = (
			);
			inputFileListPaths = (
			);
			inputPaths = (
				"${PODS_PODFILE_DIR_PATH}/Podfile.lock",
				"${PODS_ROOT}/Manifest.lock",
			);
			name = "[CP] Check Pods Manifest.lock";
			outputFileListPaths = (
			);
			outputPaths = (
				"$(DERIVED_FILE_DIR)/Pods-Meal Administration-checkManifestLockResult.txt",
			);
			runOnlyForDeploymentPostprocessing = 0;
			shellPath = /bin/sh;
			shellScript = "diff \"${PODS_PODFILE_DIR_PATH}/Podfile.lock\" \"${PODS_ROOT}/Manifest.lock\" > /dev/null\nif [ $? != 0 ] ; then\n    # print error to STDERR\n    echo \"error: The sandbox is not in sync with the Podfile.lock. Run 'pod install' or update your CocoaPods installation.\" >&2\n    exit 1\nfi\n# This output is used by Xcode 'outputs' to avoid re-running this script phase.\necho \"SUCCESS\" > \"${SCRIPT_OUTPUT_FILE_0}\"\n";
			showEnvVarsInLog = 0;
		};
		A6E31E32C34A710127AED1CC /* [CP] Check Pods Manifest.lock */ = {
			isa = PBXShellScriptBuildPhase;
			buildActionMask = 2147483647;
			files = (
			);
			inputFileListPaths = (
			);
			inputPaths = (
				"${PODS_PODFILE_DIR_PATH}/Podfile.lock",
				"${PODS_ROOT}/Manifest.lock",
			);
			name = "[CP] Check Pods Manifest.lock";
			outputFileListPaths = (
			);
			outputPaths = (
				"$(DERIVED_FILE_DIR)/Pods-Meal AdministrationTests-checkManifestLockResult.txt",
			);
			runOnlyForDeploymentPostprocessing = 0;
			shellPath = /bin/sh;
			shellScript = "diff \"${PODS_PODFILE_DIR_PATH}/Podfile.lock\" \"${PODS_ROOT}/Manifest.lock\" > /dev/null\nif [ $? != 0 ] ; then\n    # print error to STDERR\n    echo \"error: The sandbox is not in sync with the Podfile.lock. Run 'pod install' or update your CocoaPods installation.\" >&2\n    exit 1\nfi\n# This output is used by Xcode 'outputs' to avoid re-running this script phase.\necho \"SUCCESS\" > \"${SCRIPT_OUTPUT_FILE_0}\"\n";
			showEnvVarsInLog = 0;
		};
		BD5AC65132DC0A9ECF52959C /* [CP] Check Pods Manifest.lock */ = {
			isa = PBXShellScriptBuildPhase;
			buildActionMask = 2147483647;
			files = (
			);
			inputFileListPaths = (
			);
			inputPaths = (
				"${PODS_PODFILE_DIR_PATH}/Podfile.lock",
				"${PODS_ROOT}/Manifest.lock",
			);
			name = "[CP] Check Pods Manifest.lock";
			outputFileListPaths = (
			);
			outputPaths = (
				"$(DERIVED_FILE_DIR)/Pods-Meal Administration-Meal AdministrationUITests-checkManifestLockResult.txt",
			);
			runOnlyForDeploymentPostprocessing = 0;
			shellPath = /bin/sh;
			shellScript = "diff \"${PODS_PODFILE_DIR_PATH}/Podfile.lock\" \"${PODS_ROOT}/Manifest.lock\" > /dev/null\nif [ $? != 0 ] ; then\n    # print error to STDERR\n    echo \"error: The sandbox is not in sync with the Podfile.lock. Run 'pod install' or update your CocoaPods installation.\" >&2\n    exit 1\nfi\n# This output is used by Xcode 'outputs' to avoid re-running this script phase.\necho \"SUCCESS\" > \"${SCRIPT_OUTPUT_FILE_0}\"\n";
			showEnvVarsInLog = 0;
		};
		C30DCBD283098AAE179A7249 /* [CP] Embed Pods Frameworks */ = {
			isa = PBXShellScriptBuildPhase;
			buildActionMask = 2147483647;
			files = (
			);
			inputFileListPaths = (
				"${PODS_ROOT}/Target Support Files/Pods-Meal Administration/Pods-Meal Administration-frameworks-${CONFIGURATION}-input-files.xcfilelist",
			);
			name = "[CP] Embed Pods Frameworks";
			outputFileListPaths = (
				"${PODS_ROOT}/Target Support Files/Pods-Meal Administration/Pods-Meal Administration-frameworks-${CONFIGURATION}-output-files.xcfilelist",
			);
			runOnlyForDeploymentPostprocessing = 0;
			shellPath = /bin/sh;
			shellScript = "\"${PODS_ROOT}/Target Support Files/Pods-Meal Administration/Pods-Meal Administration-frameworks.sh\"\n";
			showEnvVarsInLog = 0;
		};
/* End PBXShellScriptBuildPhase section */

/* Begin PBXSourcesBuildPhase section */
		2AB1E8A7243F121A00A07BBA /* Sources */ = {
			isa = PBXSourcesBuildPhase;
			buildActionMask = 2147483647;
			files = (
				2A7061CE2445B82D00C55D5A /* AddMembersViewController.swift in Sources */,
				2A7061DA24464F8000C55D5A /* AddBazarCostViewController.swift in Sources */,
				2A547813244F764E00A85FCE /* Meal.swift in Sources */,
				2AC911AF244F8FBD00477DAA /* DetailDailyMealCountViewController.swift in Sources */,
				2A7BAED32456EBEC00A7CE05 /* CalculationViewController.swift in Sources */,
				2AB1E8E9243F70F500A07BBA /* RegistrationViewController.swift in Sources */,
				2A25CB8B2447458D0068E249 /* DailyMealCountViewController.swift in Sources */,
				2AC52EC9244E3968004F923C /* DailyMealCell.swift in Sources */,
				2A7BAED52456EC0B00A7CE05 /* DetailCalulationViewController.swift in Sources */,
				2A7061CC2445B81400C55D5A /* MembersViewController.swift in Sources */,
				2A6798F924448D1800700604 /* MenuOption.swift in Sources */,
				2A6798F72444897800700604 /* MenuOptionCell.swift in Sources */,
				2A26BEEA244A1DBE002D42C5 /* MembersCell.swift in Sources */,
				2A2D67912453434700F10C9B /* ActivityIndicator.swift in Sources */,
				2A7061D02445B8BB00C55D5A /* MemberDetailTableViewController.swift in Sources */,
				2A7BAED8245710C000A7CE05 /* CalculationCell.swift in Sources */,
				2AB1E8E1243F131200A07BBA /* LoginViewController.swift in Sources */,
				2A401EC02450CF8C003F8544 /* BazarCostModel.swift in Sources */,
				2A54A50D2448C4670044AD9A /* MemberDbHelper.swift in Sources */,
				2A547811244F4A8D00A85FCE /* DailyMealDbHelper.swift in Sources */,
				2A6798F12444771000700604 /* ContainerViewController.swift in Sources */,
				2A7061D3244626D600C55D5A /* BazarScheduleViewController.swift in Sources */,
				2A401EB62450B2E8003F8544 /* Schedule.swift in Sources */,
				2A401EB42450AF06003F8544 /* BazarScheduleDbModel.swift in Sources */,
				2AB1E8AF243F121A00A07BBA /* AppDelegate.swift in Sources */,
				2A54A50F2448C4DB0044AD9A /* Member.swift in Sources */,
				2A7061D824464F6F00C55D5A /* BazarCostViewController.swift in Sources */,
				2A401EBD2450C617003F8544 /* BazarCostCell.swift in Sources */,
				2A7061D5244626EC00C55D5A /* AddBazarScheduleViewController.swift in Sources */,
				2A6798F32444774000700604 /* MenuViewController.swift in Sources */,
				2A6798F52444816D00700604 /* ToggleProtocal.swift in Sources */,
				2A401EC62450D498003F8544 /* DetailCostViewController.swift in Sources */,
				2A401EB92450B615003F8544 /* ScheduleCell.swift in Sources */,
				2AB1E8B1243F121A00A07BBA /* SceneDelegate.swift in Sources */,
				2A401EC22450D10E003F8544 /* Cost.swift in Sources */,
				2AB1E8E7243F542500A07BBA /* Utilities.swift in Sources */,
				2AAC2A832443A55900FD9AEB /* HomeViewController.swift in Sources */,
				2AB1E8E5243F444700A07BBA /* FirstViewController.swift in Sources */,
			);
			runOnlyForDeploymentPostprocessing = 0;
		};
		2AB1E8BD243F122200A07BBA /* Sources */ = {
			isa = PBXSourcesBuildPhase;
			buildActionMask = 2147483647;
			files = (
				2AB1E8C6243F122200A07BBA /* Meal_AdministrationTests.swift in Sources */,
			);
			runOnlyForDeploymentPostprocessing = 0;
		};
		2AB1E8C8243F122200A07BBA /* Sources */ = {
			isa = PBXSourcesBuildPhase;
			buildActionMask = 2147483647;
			files = (
				2AB1E8D1243F122200A07BBA /* Meal_AdministrationUITests.swift in Sources */,
			);
			runOnlyForDeploymentPostprocessing = 0;
		};
/* End PBXSourcesBuildPhase section */

/* Begin PBXTargetDependency section */
		2AB1E8C3243F122200A07BBA /* PBXTargetDependency */ = {
			isa = PBXTargetDependency;
			target = 2AB1E8AA243F121A00A07BBA /* Meal Administration */;
			targetProxy = 2AB1E8C2243F122200A07BBA /* PBXContainerItemProxy */;
		};
		2AB1E8CE243F122200A07BBA /* PBXTargetDependency */ = {
			isa = PBXTargetDependency;
			target = 2AB1E8AA243F121A00A07BBA /* Meal Administration */;
			targetProxy = 2AB1E8CD243F122200A07BBA /* PBXContainerItemProxy */;
		};
/* End PBXTargetDependency section */

/* Begin PBXVariantGroup section */
		2AB1E8B4243F121A00A07BBA /* Main.storyboard */ = {
			isa = PBXVariantGroup;
			children = (
				2AB1E8B5243F121A00A07BBA /* Base */,
			);
			name = Main.storyboard;
			sourceTree = "<group>";
		};
		2AB1E8B9243F122200A07BBA /* LaunchScreen.storyboard */ = {
			isa = PBXVariantGroup;
			children = (
				2AB1E8BA243F122200A07BBA /* Base */,
			);
			name = LaunchScreen.storyboard;
			sourceTree = "<group>";
		};
/* End PBXVariantGroup section */

/* Begin XCBuildConfiguration section */
		2AB1E8D3243F122200A07BBA /* Debug */ = {
			isa = XCBuildConfiguration;
			buildSettings = {
				ALWAYS_SEARCH_USER_PATHS = NO;
				CLANG_ANALYZER_NONNULL = YES;
				CLANG_ANALYZER_NUMBER_OBJECT_CONVERSION = YES_AGGRESSIVE;
				CLANG_CXX_LANGUAGE_STANDARD = "gnu++14";
				CLANG_CXX_LIBRARY = "libc++";
				CLANG_ENABLE_MODULES = YES;
				CLANG_ENABLE_OBJC_ARC = YES;
				CLANG_ENABLE_OBJC_WEAK = YES;
				CLANG_WARN_BLOCK_CAPTURE_AUTORELEASING = YES;
				CLANG_WARN_BOOL_CONVERSION = YES;
				CLANG_WARN_COMMA = YES;
				CLANG_WARN_CONSTANT_CONVERSION = YES;
				CLANG_WARN_DEPRECATED_OBJC_IMPLEMENTATIONS = YES;
				CLANG_WARN_DIRECT_OBJC_ISA_USAGE = YES_ERROR;
				CLANG_WARN_DOCUMENTATION_COMMENTS = YES;
				CLANG_WARN_EMPTY_BODY = YES;
				CLANG_WARN_ENUM_CONVERSION = YES;
				CLANG_WARN_INFINITE_RECURSION = YES;
				CLANG_WARN_INT_CONVERSION = YES;
				CLANG_WARN_NON_LITERAL_NULL_CONVERSION = YES;
				CLANG_WARN_OBJC_IMPLICIT_RETAIN_SELF = YES;
				CLANG_WARN_OBJC_LITERAL_CONVERSION = YES;
				CLANG_WARN_OBJC_ROOT_CLASS = YES_ERROR;
				CLANG_WARN_RANGE_LOOP_ANALYSIS = YES;
				CLANG_WARN_STRICT_PROTOTYPES = YES;
				CLANG_WARN_SUSPICIOUS_MOVE = YES;
				CLANG_WARN_UNGUARDED_AVAILABILITY = YES_AGGRESSIVE;
				CLANG_WARN_UNREACHABLE_CODE = YES;
				CLANG_WARN__DUPLICATE_METHOD_MATCH = YES;
				COPY_PHASE_STRIP = NO;
				DEBUG_INFORMATION_FORMAT = dwarf;
				ENABLE_STRICT_OBJC_MSGSEND = YES;
				ENABLE_TESTABILITY = YES;
				GCC_C_LANGUAGE_STANDARD = gnu11;
				GCC_DYNAMIC_NO_PIC = NO;
				GCC_NO_COMMON_BLOCKS = YES;
				GCC_OPTIMIZATION_LEVEL = 0;
				GCC_PREPROCESSOR_DEFINITIONS = (
					"DEBUG=1",
					"$(inherited)",
				);
				GCC_WARN_64_TO_32_BIT_CONVERSION = YES;
				GCC_WARN_ABOUT_RETURN_TYPE = YES_ERROR;
				GCC_WARN_UNDECLARED_SELECTOR = YES;
				GCC_WARN_UNINITIALIZED_AUTOS = YES_AGGRESSIVE;
				GCC_WARN_UNUSED_FUNCTION = YES;
				GCC_WARN_UNUSED_VARIABLE = YES;
				IPHONEOS_DEPLOYMENT_TARGET = 13.1;
				MTL_ENABLE_DEBUG_INFO = INCLUDE_SOURCE;
				MTL_FAST_MATH = YES;
				ONLY_ACTIVE_ARCH = YES;
				SDKROOT = iphoneos;
				SWIFT_ACTIVE_COMPILATION_CONDITIONS = DEBUG;
				SWIFT_OPTIMIZATION_LEVEL = "-Onone";
			};
			name = Debug;
		};
		2AB1E8D4243F122200A07BBA /* Release */ = {
			isa = XCBuildConfiguration;
			buildSettings = {
				ALWAYS_SEARCH_USER_PATHS = NO;
				CLANG_ANALYZER_NONNULL = YES;
				CLANG_ANALYZER_NUMBER_OBJECT_CONVERSION = YES_AGGRESSIVE;
				CLANG_CXX_LANGUAGE_STANDARD = "gnu++14";
				CLANG_CXX_LIBRARY = "libc++";
				CLANG_ENABLE_MODULES = YES;
				CLANG_ENABLE_OBJC_ARC = YES;
				CLANG_ENABLE_OBJC_WEAK = YES;
				CLANG_WARN_BLOCK_CAPTURE_AUTORELEASING = YES;
				CLANG_WARN_BOOL_CONVERSION = YES;
				CLANG_WARN_COMMA = YES;
				CLANG_WARN_CONSTANT_CONVERSION = YES;
				CLANG_WARN_DEPRECATED_OBJC_IMPLEMENTATIONS = YES;
				CLANG_WARN_DIRECT_OBJC_ISA_USAGE = YES_ERROR;
				CLANG_WARN_DOCUMENTATION_COMMENTS = YES;
				CLANG_WARN_EMPTY_BODY = YES;
				CLANG_WARN_ENUM_CONVERSION = YES;
				CLANG_WARN_INFINITE_RECURSION = YES;
				CLANG_WARN_INT_CONVERSION = YES;
				CLANG_WARN_NON_LITERAL_NULL_CONVERSION = YES;
				CLANG_WARN_OBJC_IMPLICIT_RETAIN_SELF = YES;
				CLANG_WARN_OBJC_LITERAL_CONVERSION = YES;
				CLANG_WARN_OBJC_ROOT_CLASS = YES_ERROR;
				CLANG_WARN_RANGE_LOOP_ANALYSIS = YES;
				CLANG_WARN_STRICT_PROTOTYPES = YES;
				CLANG_WARN_SUSPICIOUS_MOVE = YES;
				CLANG_WARN_UNGUARDED_AVAILABILITY = YES_AGGRESSIVE;
				CLANG_WARN_UNREACHABLE_CODE = YES;
				CLANG_WARN__DUPLICATE_METHOD_MATCH = YES;
				COPY_PHASE_STRIP = NO;
				DEBUG_INFORMATION_FORMAT = "dwarf-with-dsym";
				ENABLE_NS_ASSERTIONS = NO;
				ENABLE_STRICT_OBJC_MSGSEND = YES;
				GCC_C_LANGUAGE_STANDARD = gnu11;
				GCC_NO_COMMON_BLOCKS = YES;
				GCC_WARN_64_TO_32_BIT_CONVERSION = YES;
				GCC_WARN_ABOUT_RETURN_TYPE = YES_ERROR;
				GCC_WARN_UNDECLARED_SELECTOR = YES;
				GCC_WARN_UNINITIALIZED_AUTOS = YES_AGGRESSIVE;
				GCC_WARN_UNUSED_FUNCTION = YES;
				GCC_WARN_UNUSED_VARIABLE = YES;
				IPHONEOS_DEPLOYMENT_TARGET = 13.1;
				MTL_ENABLE_DEBUG_INFO = NO;
				MTL_FAST_MATH = YES;
				SDKROOT = iphoneos;
				SWIFT_COMPILATION_MODE = wholemodule;
				SWIFT_OPTIMIZATION_LEVEL = "-O";
				VALIDATE_PRODUCT = YES;
			};
			name = Release;
		};
		2AB1E8D6243F122200A07BBA /* Debug */ = {
			isa = XCBuildConfiguration;
			baseConfigurationReference = 0E2FF7A8532E30758EBE3B93 /* Pods-Meal Administration.debug.xcconfig */;
			buildSettings = {
				ASSETCATALOG_COMPILER_APPICON_NAME = AppIcon;
				CODE_SIGN_ENTITLEMENTS = "Meal Administration/Meal AdministrationDebug.entitlements";
				CODE_SIGN_IDENTITY = "Apple Development";
				CODE_SIGN_STYLE = Automatic;
				DEVELOPMENT_TEAM = MKCXG9MS9M;
				INFOPLIST_FILE = "Meal Administration/Info.plist";
				LD_RUNPATH_SEARCH_PATHS = (
					"$(inherited)",
					"@executable_path/Frameworks",
				);
				PRODUCT_BUNDLE_IDENTIFIER = "com.ict.manna.Meal-Administration";
				PRODUCT_NAME = "$(TARGET_NAME)";
				PROVISIONING_PROFILE_SPECIFIER = "";
				SWIFT_VERSION = 5.0;
				TARGETED_DEVICE_FAMILY = "1,2";
			};
			name = Debug;
		};
		2AB1E8D7243F122200A07BBA /* Release */ = {
			isa = XCBuildConfiguration;
			baseConfigurationReference = 12B252E0001BF3D19408A3B8 /* Pods-Meal Administration.release.xcconfig */;
			buildSettings = {
				ASSETCATALOG_COMPILER_APPICON_NAME = AppIcon;
				CODE_SIGN_IDENTITY = "Apple Development";
				CODE_SIGN_STYLE = Automatic;
				DEVELOPMENT_TEAM = MKCXG9MS9M;
				INFOPLIST_FILE = "Meal Administration/Info.plist";
				LD_RUNPATH_SEARCH_PATHS = (
					"$(inherited)",
					"@executable_path/Frameworks",
				);
				PRODUCT_BUNDLE_IDENTIFIER = "com.ict.manna.Meal-Administration";
				PRODUCT_NAME = "$(TARGET_NAME)";
				PROVISIONING_PROFILE_SPECIFIER = "";
				SWIFT_VERSION = 5.0;
				TARGETED_DEVICE_FAMILY = "1,2";
			};
			name = Release;
		};
		2AB1E8D9243F122200A07BBA /* Debug */ = {
			isa = XCBuildConfiguration;
			baseConfigurationReference = 59C239392DEABC138C702A1C /* Pods-Meal AdministrationTests.debug.xcconfig */;
			buildSettings = {
				ALWAYS_EMBED_SWIFT_STANDARD_LIBRARIES = YES;
				BUNDLE_LOADER = "$(TEST_HOST)";
				CODE_SIGN_STYLE = Automatic;
				DEVELOPMENT_TEAM = MKCXG9MS9M;
				INFOPLIST_FILE = "Meal AdministrationTests/Info.plist";
				IPHONEOS_DEPLOYMENT_TARGET = 13.1;
				LD_RUNPATH_SEARCH_PATHS = (
					"$(inherited)",
					"@executable_path/Frameworks",
					"@loader_path/Frameworks",
				);
				PRODUCT_BUNDLE_IDENTIFIER = "com.ict.manna.Meal-AdministrationTests";
				PRODUCT_NAME = "$(TARGET_NAME)";
				SWIFT_VERSION = 5.0;
				TARGETED_DEVICE_FAMILY = "1,2";
				TEST_HOST = "$(BUILT_PRODUCTS_DIR)/Meal Administration.app/Meal Administration";
			};
			name = Debug;
		};
		2AB1E8DA243F122200A07BBA /* Release */ = {
			isa = XCBuildConfiguration;
			baseConfigurationReference = A7175EE0E1831682F6594E80 /* Pods-Meal AdministrationTests.release.xcconfig */;
			buildSettings = {
				ALWAYS_EMBED_SWIFT_STANDARD_LIBRARIES = YES;
				BUNDLE_LOADER = "$(TEST_HOST)";
				CODE_SIGN_STYLE = Automatic;
				DEVELOPMENT_TEAM = MKCXG9MS9M;
				INFOPLIST_FILE = "Meal AdministrationTests/Info.plist";
				IPHONEOS_DEPLOYMENT_TARGET = 13.1;
				LD_RUNPATH_SEARCH_PATHS = (
					"$(inherited)",
					"@executable_path/Frameworks",
					"@loader_path/Frameworks",
				);
				PRODUCT_BUNDLE_IDENTIFIER = "com.ict.manna.Meal-AdministrationTests";
				PRODUCT_NAME = "$(TARGET_NAME)";
				SWIFT_VERSION = 5.0;
				TARGETED_DEVICE_FAMILY = "1,2";
				TEST_HOST = "$(BUILT_PRODUCTS_DIR)/Meal Administration.app/Meal Administration";
			};
			name = Release;
		};
		2AB1E8DC243F122200A07BBA /* Debug */ = {
			isa = XCBuildConfiguration;
			baseConfigurationReference = 91A5F3F3B0B8E9924A1816CD /* Pods-Meal Administration-Meal AdministrationUITests.debug.xcconfig */;
			buildSettings = {
				ALWAYS_EMBED_SWIFT_STANDARD_LIBRARIES = YES;
				CODE_SIGN_STYLE = Automatic;
				DEVELOPMENT_TEAM = MKCXG9MS9M;
				INFOPLIST_FILE = "Meal AdministrationUITests/Info.plist";
				LD_RUNPATH_SEARCH_PATHS = (
					"$(inherited)",
					"@executable_path/Frameworks",
					"@loader_path/Frameworks",
				);
				PRODUCT_BUNDLE_IDENTIFIER = "com.ict.manna.Meal-AdministrationUITests";
				PRODUCT_NAME = "$(TARGET_NAME)";
				SWIFT_VERSION = 5.0;
				TARGETED_DEVICE_FAMILY = "1,2";
				TEST_TARGET_NAME = "Meal Administration";
			};
			name = Debug;
		};
		2AB1E8DD243F122200A07BBA /* Release */ = {
			isa = XCBuildConfiguration;
			baseConfigurationReference = 1E856466503410B78CBCDB66 /* Pods-Meal Administration-Meal AdministrationUITests.release.xcconfig */;
			buildSettings = {
				ALWAYS_EMBED_SWIFT_STANDARD_LIBRARIES = YES;
				CODE_SIGN_STYLE = Automatic;
				DEVELOPMENT_TEAM = MKCXG9MS9M;
				INFOPLIST_FILE = "Meal AdministrationUITests/Info.plist";
				LD_RUNPATH_SEARCH_PATHS = (
					"$(inherited)",
					"@executable_path/Frameworks",
					"@loader_path/Frameworks",
				);
				PRODUCT_BUNDLE_IDENTIFIER = "com.ict.manna.Meal-AdministrationUITests";
				PRODUCT_NAME = "$(TARGET_NAME)";
				SWIFT_VERSION = 5.0;
				TARGETED_DEVICE_FAMILY = "1,2";
				TEST_TARGET_NAME = "Meal Administration";
			};
			name = Release;
		};
/* End XCBuildConfiguration section */

/* Begin XCConfigurationList section */
		2AB1E8A6243F121A00A07BBA /* Build configuration list for PBXProject "Meal Administration" */ = {
			isa = XCConfigurationList;
			buildConfigurations = (
				2AB1E8D3243F122200A07BBA /* Debug */,
				2AB1E8D4243F122200A07BBA /* Release */,
			);
			defaultConfigurationIsVisible = 0;
			defaultConfigurationName = Release;
		};
		2AB1E8D5243F122200A07BBA /* Build configuration list for PBXNativeTarget "Meal Administration" */ = {
			isa = XCConfigurationList;
			buildConfigurations = (
				2AB1E8D6243F122200A07BBA /* Debug */,
				2AB1E8D7243F122200A07BBA /* Release */,
			);
			defaultConfigurationIsVisible = 0;
			defaultConfigurationName = Release;
		};
		2AB1E8D8243F122200A07BBA /* Build configuration list for PBXNativeTarget "Meal AdministrationTests" */ = {
			isa = XCConfigurationList;
			buildConfigurations = (
				2AB1E8D9243F122200A07BBA /* Debug */,
				2AB1E8DA243F122200A07BBA /* Release */,
			);
			defaultConfigurationIsVisible = 0;
			defaultConfigurationName = Release;
		};
		2AB1E8DB243F122200A07BBA /* Build configuration list for PBXNativeTarget "Meal AdministrationUITests" */ = {
			isa = XCConfigurationList;
			buildConfigurations = (
				2AB1E8DC243F122200A07BBA /* Debug */,
				2AB1E8DD243F122200A07BBA /* Release */,
			);
			defaultConfigurationIsVisible = 0;
			defaultConfigurationName = Release;
		};
/* End XCConfigurationList section */
	};
	rootObject = 2AB1E8A3243F121A00A07BBA /* Project object */;
}
